
Microsoft Visual Studio Solution File, Format Version 12.00
# Visual Studio 14
VisualStudioVersion = 14.0.25420.1
MinimumVisualStudioVersion = 10.0.40219.1
Project("{FAE04EC0-301F-11D3-BF4B-00C04F79EFBC}") = "Wuzzufny", "Wuzzufny\Wuzzufny.csproj", "{AF84EE2F-C48E-4305-B8C8-9166214294EA}"
EndProject
Global
	GlobalSection(SolutionConfigurationPlatforms) = preSolution
		Debug|Any CPU = Debug|Any CPU
		Release|Any CPU = Release|Any CPU
	EndGlobalSection
	GlobalSection(ProjectConfigurationPlatforms) = postSolution
		{AF84EE2F-C48E-4305-B8C8-9166214294EA}.Debug|Any CPU.ActiveCfg = Debug|Any CPU
		{AF84EE2F-C48E-4305-B8C8-9166214294EA}.Debug|Any CPU.Build.0 = Debug|Any CPU
		{AF84EE2F-C48E-4305-B8C8-9166214294EA}.Release|Any CPU.ActiveCfg = Release|Any CPU
		{AF84EE2F-C48E-4305-B8C8-9166214294EA}.Release|Any CPU.Build.0 = Release|Any CPU
	EndGlobalSection
	GlobalSection(SolutionProperties) = preSolution
		HideSolutionNode = FALSE
	EndGlobalSection
	GlobalSection(TeamFoundationVersionControl) = preSolution
		SccNumberOfProjects = 2
		SccEnterpriseProvider = {4CA58AB2-18FA-4F8D-95D4-32DDF27D184C}
		SccTeamFoundationServer = https://mezoallam2015.visualstudio.com/
		SccLocalPath0 = .
		SccProjectUniqueName1 = Wuzzufny\\Wuzzufny.csproj
		SccProjectName1 = Wuzzufny
		SccLocalPath1 = Wuzzufny
	EndGlobalSection
EndGlobal
